{
  "name": "ajs1",
  "version": "1.0.0",
  "lockfileVersion": 3,
  "requires": true,
  "packages": {
    "": {
      "name": "ajs1",
      "version": "1.0.0",
      "license": "ISC",
      "dependencies": {
        "@mica78/ajs": "^1.0.0"
      }
    },
    "node_modules/@mica78/ajs": {
      "version": "1.0.0",
      "resolved": "https://npm.pkg.github.com/download/@mica78/ajs/1.0.0/e3aa988c995223deb0ccc78f7729f3c6c372cf3d",
      "integrity": "sha512-WEnWh/8R0incCpYis8qI7lTu2ERTbSM7GlT8hOB4t9kUs+53+IlhC2MqW7ArKkt5DHGciEbZldPogL8C6fVcVA==",
      "license": "ISC"
    }
  }
}
